
Microsoft Visual Studio Solution File, Format Version 12.00
# Visual Studio 15
VisualStudioVersion = 15.0.27130.2036
MinimumVisualStudioVersion = 10.0.40219.1
Project("{9A19103F-16F7-4668-BE54-9A1E7A4F7556}") = "Riganti.CMS.BL", "Riganti.CMS.BL\Riganti.CMS.BL.csproj", "{3E4ECCFB-696F-4514-B152-953A7DD96AE2}"
EndProject
Project("{9A19103F-16F7-4668-BE54-9A1E7A4F7556}") = "Rigatni.CMS.DAL", "Rigatni.CMS.DAL\Rigatni.CMS.DAL.csproj", "{01C4914F-B53E-420D-B16B-8E67660C6433}"
EndProject
Project("{9A19103F-16F7-4668-BE54-9A1E7A4F7556}") = "Riganti.Web.Test", "DotVVM.Web\Riganti.Web.Test.csproj", "{4DFF9FA5-F749-4ABA-AC42-2836C71E142B}"
EndProject
Global
	GlobalSection(SolutionConfigurationPlatforms) = preSolution
		Debug|Any CPU = Debug|Any CPU
		Release|Any CPU = Release|Any CPU
	EndGlobalSection
	GlobalSection(ProjectConfigurationPlatforms) = postSolution
		{3E4ECCFB-696F-4514-B152-953A7DD96AE2}.Debug|Any CPU.ActiveCfg = Debug|Any CPU
		{3E4ECCFB-696F-4514-B152-953A7DD96AE2}.Debug|Any CPU.Build.0 = Debug|Any CPU
		{3E4ECCFB-696F-4514-B152-953A7DD96AE2}.Release|Any CPU.ActiveCfg = Release|Any CPU
		{3E4ECCFB-696F-4514-B152-953A7DD96AE2}.Release|Any CPU.Build.0 = Release|Any CPU
		{01C4914F-B53E-420D-B16B-8E67660C6433}.Debug|Any CPU.ActiveCfg = Debug|Any CPU
		{01C4914F-B53E-420D-B16B-8E67660C6433}.Debug|Any CPU.Build.0 = Debug|Any CPU
		{01C4914F-B53E-420D-B16B-8E67660C6433}.Release|Any CPU.ActiveCfg = Release|Any CPU
		{01C4914F-B53E-420D-B16B-8E67660C6433}.Release|Any CPU.Build.0 = Release|Any CPU
		{4DFF9FA5-F749-4ABA-AC42-2836C71E142B}.Debug|Any CPU.ActiveCfg = Debug|Any CPU
		{4DFF9FA5-F749-4ABA-AC42-2836C71E142B}.Debug|Any CPU.Build.0 = Debug|Any CPU
		{4DFF9FA5-F749-4ABA-AC42-2836C71E142B}.Release|Any CPU.ActiveCfg = Release|Any CPU
		{4DFF9FA5-F749-4ABA-AC42-2836C71E142B}.Release|Any CPU.Build.0 = Release|Any CPU
	EndGlobalSection
	GlobalSection(SolutionProperties) = preSolution
		HideSolutionNode = FALSE
	EndGlobalSection
	GlobalSection(ExtensibilityGlobals) = postSolution
		SolutionGuid = {114D9866-C167-4921-AA5F-36FBD5E5484F}
	EndGlobalSection
EndGlobal
